Microsoft Visual Studio Solution File, Format Version 12.00
# Visual Studio Version 17
VisualStudioVersion = 17.5.2.0
MinimumVisualStudioVersion = 10.0.40219.1
Project("{FAE04EC0-301F-11D3-BF4B-00C04F79EFBC}") = "energy24by7-proxy", "ha-addons\energy24by7-proxy\src\energy24by7-proxy.csproj", "{2FCA52F7-3153-AF9F-390A-4D587964A246}"
EndProject
Global
	GlobalSection(SolutionConfigurationPlatforms) = preSolution
		Debug|Any CPU = Debug|Any CPU
		Release|Any CPU = Release|Any CPU
	EndGlobalSection
	GlobalSection(ProjectConfigurationPlatforms) = postSolution
		{2FCA52F7-3153-AF9F-390A-4D587964A246}.Debug|Any CPU.ActiveCfg = Debug|Any CPU
		{2FCA52F7-3153-AF9F-390A-4D587964A246}.Debug|Any CPU.Build.0 = Debug|Any CPU
		{2FCA52F7-3153-AF9F-390A-4D587964A246}.Release|Any CPU.ActiveCfg = Release|Any CPU
		{2FCA52F7-3153-AF9F-390A-4D587964A246}.Release|Any CPU.Build.0 = Release|Any CPU
	EndGlobalSection
	GlobalSection(SolutionProperties) = preSolution
		HideSolutionNode = FALSE
	EndGlobalSection
	GlobalSection(ExtensibilityGlobals) = postSolution
		SolutionGuid = {73667F9D-0B5C-4681-A647-F011045862A0}
	EndGlobalSection
EndGlobal
